
Microsoft Visual Studio Solution File, Format Version 12.00
# Visual Studio Version 16
VisualStudioVersion = 16.0.32901.82
MinimumVisualStudioVersion = 10.0.40219.1
Project("{8BC9CEB8-8B4A-11D0-8D11-00A0C91BC942}") = "5.29", "5.29\5.29.vcxproj", "{86C277AD-C173-4A9A-AA10-645E6079239E}"
EndProject
Global
	GlobalSection(SolutionConfigurationPlatforms) = preSolution
		Debug|x64 = Debug|x64
		Debug|x86 = Debug|x86
		Release|x64 = Release|x64
		Release|x86 = Release|x86
	EndGlobalSection
	GlobalSection(ProjectConfigurationPlatforms) = postSolution
		{86C277AD-C173-4A9A-AA10-645E6079239E}.Debug|x64.ActiveCfg = Debug|x64
		{86C277AD-C173-4A9A-AA10-645E6079239E}.Debug|x64.Build.0 = Debug|x64
		{86C277AD-C173-4A9A-AA10-645E6079239E}.Debug|x86.ActiveCfg = Debug|Win32
		{86C277AD-C173-4A9A-AA10-645E6079239E}.Debug|x86.Build.0 = Debug|Win32
		{86C277AD-C173-4A9A-AA10-645E6079239E}.Release|x64.ActiveCfg = Release|x64
		{86C277AD-C173-4A9A-AA10-645E6079239E}.Release|x64.Build.0 = Release|x64
		{86C277AD-C173-4A9A-AA10-645E6079239E}.Release|x86.ActiveCfg = Release|Win32
		{86C277AD-C173-4A9A-AA10-645E6079239E}.Release|x86.Build.0 = Release|Win32
	EndGlobalSection
	GlobalSection(SolutionProperties) = preSolution
		HideSolutionNode = FALSE
	EndGlobalSection
	GlobalSection(ExtensibilityGlobals) = postSolution
		SolutionGuid = {F31C8188-D365-4523-898E-67845BB8D414}
	EndGlobalSection
EndGlobal
